
Microsoft Visual Studio Solution File, Format Version 12.00
# Visual Studio 15
VisualStudioVersion = 15.0.27004.2005
MinimumVisualStudioVersion = 10.0.40219.1
Project("{888888A0-9F3D-457C-B088-3A5042F75D52}") = "AITreeBuilder", "AITreeBuilder\AITreeBuilder.pyproj", "{A88EA5FB-0CA1-4C58-A0A3-E3F7E0916576}"
EndProject
Global
	GlobalSection(SolutionConfigurationPlatforms) = preSolution
		Debug|Any CPU = Debug|Any CPU
		Release|Any CPU = Release|Any CPU
	EndGlobalSection
	GlobalSection(ProjectConfigurationPlatforms) = postSolution
		{A88EA5FB-0CA1-4C58-A0A3-E3F7E0916576}.Debug|Any CPU.ActiveCfg = Debug|Any CPU
		{A88EA5FB-0CA1-4C58-A0A3-E3F7E0916576}.Release|Any CPU.ActiveCfg = Release|Any CPU
	EndGlobalSection
	GlobalSection(SolutionProperties) = preSolution
		HideSolutionNode = FALSE
	EndGlobalSection
	GlobalSection(ExtensibilityGlobals) = postSolution
		SolutionGuid = {1C58B63F-43FD-401A-9546-90D9285CC339}
	EndGlobalSection
EndGlobal
